
Microsoft Visual Studio Solution File, Format Version 12.00
# Visual Studio 2012
Project("{FAE04EC0-301F-11D3-BF4B-00C04F79EFBC}") = "Applabtodotesting", "Applabtodotesting\Applabtodotesting.csproj", "{577C9A53-3FBE-4418-ADA1-0E57A80CB687}"
EndProject
Project("{FAE04EC0-301F-11D3-BF4B-00C04F79EFBC}") = "Applabtodotesting.iOS", "iOS\Applabtodotesting.iOS.csproj", "{50860071-4B0E-4E97-AE93-FA04A9C942DB}"
EndProject
Project("{FAE04EC0-301F-11D3-BF4B-00C04F79EFBC}") = "Applabtodotesting.Droid", "Droid\Applabtodotesting.Droid.csproj", "{B162176D-03F6-42C1-9684-63CB223F2254}"
EndProject
Project("{FAE04EC0-301F-11D3-BF4B-00C04F79EFBC}") = "Applabtodotesting.UITests", "UITests\Applabtodotesting.UITests.csproj", "{69559ECF-D68D-40B1-BE12-F12FB6156796}"
EndProject
Project("{FAE04EC0-301F-11D3-BF4B-00C04F79EFBC}") = "Applabtodotesting.Core", "Applabtodotesting.Core\Applabtodotesting.Core.csproj", "{6091B7D5-C86B-4C5C-96D5-037605FF4139}"
EndProject
Project("{FAE04EC0-301F-11D3-BF4B-00C04F79EFBC}") = "Applabtoditesting.Tests", "Applabtoditesting.Tests\Applabtoditesting.Tests.csproj", "{27A816A4-6737-4D84-A870-ABF7B651A29E}"
EndProject
Global
	GlobalSection(SolutionConfigurationPlatforms) = preSolution
		Debug|Any CPU = Debug|Any CPU
		Release|Any CPU = Release|Any CPU
		Debug|iPhoneSimulator = Debug|iPhoneSimulator
		Release|iPhone = Release|iPhone
		Release|iPhoneSimulator = Release|iPhoneSimulator
		Debug|iPhone = Debug|iPhone
	EndGlobalSection
	GlobalSection(ProjectConfigurationPlatforms) = postSolution
		{27A816A4-6737-4D84-A870-ABF7B651A29E}.Debug|Any CPU.ActiveCfg = Debug|Any CPU
		{27A816A4-6737-4D84-A870-ABF7B651A29E}.Debug|Any CPU.Build.0 = Debug|Any CPU
		{27A816A4-6737-4D84-A870-ABF7B651A29E}.Debug|iPhone.ActiveCfg = Debug|Any CPU
		{27A816A4-6737-4D84-A870-ABF7B651A29E}.Debug|iPhone.Build.0 = Debug|Any CPU
		{27A816A4-6737-4D84-A870-ABF7B651A29E}.Debug|iPhoneSimulator.ActiveCfg = Debug|Any CPU
		{27A816A4-6737-4D84-A870-ABF7B651A29E}.Debug|iPhoneSimulator.Build.0 = Debug|Any CPU
		{27A816A4-6737-4D84-A870-ABF7B651A29E}.Release|Any CPU.ActiveCfg = Release|Any CPU
		{27A816A4-6737-4D84-A870-ABF7B651A29E}.Release|Any CPU.Build.0 = Release|Any CPU
		{27A816A4-6737-4D84-A870-ABF7B651A29E}.Release|iPhone.ActiveCfg = Release|Any CPU
		{27A816A4-6737-4D84-A870-ABF7B651A29E}.Release|iPhone.Build.0 = Release|Any CPU
		{27A816A4-6737-4D84-A870-ABF7B651A29E}.Release|iPhoneSimulator.ActiveCfg = Release|Any CPU
		{27A816A4-6737-4D84-A870-ABF7B651A29E}.Release|iPhoneSimulator.Build.0 = Release|Any CPU
		{50860071-4B0E-4E97-AE93-FA04A9C942DB}.Debug|Any CPU.ActiveCfg = Debug|iPhoneSimulator
		{50860071-4B0E-4E97-AE93-FA04A9C942DB}.Debug|Any CPU.Build.0 = Debug|iPhoneSimulator
		{50860071-4B0E-4E97-AE93-FA04A9C942DB}.Debug|iPhone.ActiveCfg = Debug|iPhone
		{50860071-4B0E-4E97-AE93-FA04A9C942DB}.Debug|iPhone.Build.0 = Debug|iPhone
		{50860071-4B0E-4E97-AE93-FA04A9C942DB}.Debug|iPhoneSimulator.ActiveCfg = Debug|iPhoneSimulator
		{50860071-4B0E-4E97-AE93-FA04A9C942DB}.Debug|iPhoneSimulator.Build.0 = Debug|iPhoneSimulator
		{50860071-4B0E-4E97-AE93-FA04A9C942DB}.Release|Any CPU.ActiveCfg = Release|iPhone
		{50860071-4B0E-4E97-AE93-FA04A9C942DB}.Release|Any CPU.Build.0 = Release|iPhone
		{50860071-4B0E-4E97-AE93-FA04A9C942DB}.Release|iPhone.ActiveCfg = Release|iPhone
		{50860071-4B0E-4E97-AE93-FA04A9C942DB}.Release|iPhone.Build.0 = Release|iPhone
		{50860071-4B0E-4E97-AE93-FA04A9C942DB}.Release|iPhoneSimulator.ActiveCfg = Release|iPhoneSimulator
		{50860071-4B0E-4E97-AE93-FA04A9C942DB}.Release|iPhoneSimulator.Build.0 = Release|iPhoneSimulator
		{577C9A53-3FBE-4418-ADA1-0E57A80CB687}.Debug|Any CPU.ActiveCfg = Debug|Any CPU
		{577C9A53-3FBE-4418-ADA1-0E57A80CB687}.Debug|Any CPU.Build.0 = Debug|Any CPU
		{577C9A53-3FBE-4418-ADA1-0E57A80CB687}.Debug|iPhone.ActiveCfg = Debug|Any CPU
		{577C9A53-3FBE-4418-ADA1-0E57A80CB687}.Debug|iPhone.Build.0 = Debug|Any CPU
		{577C9A53-3FBE-4418-ADA1-0E57A80CB687}.Debug|iPhoneSimulator.ActiveCfg = Debug|Any CPU
		{577C9A53-3FBE-4418-ADA1-0E57A80CB687}.Debug|iPhoneSimulator.Build.0 = Debug|Any CPU
		{577C9A53-3FBE-4418-ADA1-0E57A80CB687}.Release|Any CPU.ActiveCfg = Release|Any CPU
		{577C9A53-3FBE-4418-ADA1-0E57A80CB687}.Release|Any CPU.Build.0 = Release|Any CPU
		{577C9A53-3FBE-4418-ADA1-0E57A80CB687}.Release|iPhone.ActiveCfg = Release|Any CPU
		{577C9A53-3FBE-4418-ADA1-0E57A80CB687}.Release|iPhone.Build.0 = Release|Any CPU
		{577C9A53-3FBE-4418-ADA1-0E57A80CB687}.Release|iPhoneSimulator.ActiveCfg = Release|Any CPU
		{577C9A53-3FBE-4418-ADA1-0E57A80CB687}.Release|iPhoneSimulator.Build.0 = Release|Any CPU
		{6091B7D5-C86B-4C5C-96D5-037605FF4139}.Debug|Any CPU.ActiveCfg = Debug|Any CPU
		{6091B7D5-C86B-4C5C-96D5-037605FF4139}.Debug|Any CPU.Build.0 = Debug|Any CPU
		{6091B7D5-C86B-4C5C-96D5-037605FF4139}.Debug|iPhone.ActiveCfg = Debug|Any CPU
		{6091B7D5-C86B-4C5C-96D5-037605FF4139}.Debug|iPhone.Build.0 = Debug|Any CPU
		{6091B7D5-C86B-4C5C-96D5-037605FF4139}.Debug|iPhoneSimulator.ActiveCfg = Debug|Any CPU
		{6091B7D5-C86B-4C5C-96D5-037605FF4139}.Debug|iPhoneSimulator.Build.0 = Debug|Any CPU
		{6091B7D5-C86B-4C5C-96D5-037605FF4139}.Release|Any CPU.ActiveCfg = Release|Any CPU
		{6091B7D5-C86B-4C5C-96D5-037605FF4139}.Release|Any CPU.Build.0 = Release|Any CPU
		{6091B7D5-C86B-4C5C-96D5-037605FF4139}.Release|iPhone.ActiveCfg = Release|Any CPU
		{6091B7D5-C86B-4C5C-96D5-037605FF4139}.Release|iPhone.Build.0 = Release|Any CPU
		{6091B7D5-C86B-4C5C-96D5-037605FF4139}.Release|iPhoneSimulator.ActiveCfg = Release|Any CPU
		{6091B7D5-C86B-4C5C-96D5-037605FF4139}.Release|iPhoneSimulator.Build.0 = Release|Any CPU
		{69559ECF-D68D-40B1-BE12-F12FB6156796}.Debug|Any CPU.ActiveCfg = Debug|Any CPU
		{69559ECF-D68D-40B1-BE12-F12FB6156796}.Debug|Any CPU.Build.0 = Debug|Any CPU
		{69559ECF-D68D-40B1-BE12-F12FB6156796}.Debug|iPhone.ActiveCfg = Debug|Any CPU
		{69559ECF-D68D-40B1-BE12-F12FB6156796}.Debug|iPhone.Build.0 = Debug|Any CPU
		{69559ECF-D68D-40B1-BE12-F12FB6156796}.Debug|iPhoneSimulator.ActiveCfg = Debug|Any CPU
		{69559ECF-D68D-40B1-BE12-F12FB6156796}.Debug|iPhoneSimulator.Build.0 = Debug|Any CPU
		{69559ECF-D68D-40B1-BE12-F12FB6156796}.Release|Any CPU.ActiveCfg = Release|Any CPU
		{69559ECF-D68D-40B1-BE12-F12FB6156796}.Release|Any CPU.Build.0 = Release|Any CPU
		{69559ECF-D68D-40B1-BE12-F12FB6156796}.Release|iPhone.ActiveCfg = Release|Any CPU
		{69559ECF-D68D-40B1-BE12-F12FB6156796}.Release|iPhone.Build.0 = Release|Any CPU
		{69559ECF-D68D-40B1-BE12-F12FB6156796}.Release|iPhoneSimulator.ActiveCfg = Release|Any CPU
		{69559ECF-D68D-40B1-BE12-F12FB6156796}.Release|iPhoneSimulator.Build.0 = Release|Any CPU
		{B162176D-03F6-42C1-9684-63CB223F2254}.Debug|Any CPU.ActiveCfg = Debug|Any CPU
		{B162176D-03F6-42C1-9684-63CB223F2254}.Debug|Any CPU.Build.0 = Debug|Any CPU
		{B162176D-03F6-42C1-9684-63CB223F2254}.Debug|iPhone.ActiveCfg = Debug|Any CPU
		{B162176D-03F6-42C1-9684-63CB223F2254}.Debug|iPhone.Build.0 = Debug|Any CPU
		{B162176D-03F6-42C1-9684-63CB223F2254}.Debug|iPhoneSimulator.ActiveCfg = Debug|Any CPU
		{B162176D-03F6-42C1-9684-63CB223F2254}.Debug|iPhoneSimulator.Build.0 = Debug|Any CPU
		{B162176D-03F6-42C1-9684-63CB223F2254}.Release|Any CPU.ActiveCfg = Release|Any CPU
		{B162176D-03F6-42C1-9684-63CB223F2254}.Release|Any CPU.Build.0 = Release|Any CPU
		{B162176D-03F6-42C1-9684-63CB223F2254}.Release|iPhone.ActiveCfg = Release|Any CPU
		{B162176D-03F6-42C1-9684-63CB223F2254}.Release|iPhone.Build.0 = Release|Any CPU
		{B162176D-03F6-42C1-9684-63CB223F2254}.Release|iPhoneSimulator.ActiveCfg = Release|Any CPU
		{B162176D-03F6-42C1-9684-63CB223F2254}.Release|iPhoneSimulator.Build.0 = Release|Any CPU
	EndGlobalSection
EndGlobal
